<?xml version="1.0" encoding="utf-8"?>
<Project ToolsVersion="4.0" xmlns="http://schemas.microsoft.com/developer/msbuild/2003">
  <ItemGroup>
    <Image Include="Assets\LockScreenLogo.scale-200.png">
      <Filter>Assets</Filter>
    </Image>
    <Image Include="Assets\SplashScreen.scale-200.png">
      <Filter>Assets</Filter>
    </Image>
    <Image Include="Assets\Square150x150Logo.scale-200.png">
      <Filter>Assets</Filter>
    </Image>
    <Image Include="Assets\Square44x44Logo.scale-200.png">
      <Filter>Assets</Filter>
    </Image>
    <Image Include="Assets\Square44x44Logo.targetsize-24_altform-unplated.png">
      <Filter>Assets</Filter>
    </Image>
    <Image Include="Assets\StoreLogo.png">
      <Filter>Assets</Filter>
    </Image>
    <Image Include="Assets\Wide310x150Logo.scale-200.png">
      <Filter>Assets</Filter>
    </Image>
    <Filter Include="Renderer">
      <UniqueIdentifier>{cb357796-9ebe-49bd-864c-7198541c4adf}</UniqueIdentifier>
    </Filter>
    <Filter Include="Renderer\Geometry">
      <UniqueIdentifier>{7d91fc55-7052-45d1-9412-c325db1d74d8}</UniqueIdentifier>
    </Filter>
    <Filter Include="Renderer\GraphicApi">
      <UniqueIdentifier>{43ccb8fa-fef8-44f0-8ceb-c3e35be10b89}</UniqueIdentifier>
    </Filter>
    <Filter Include="Renderer\GraphicApi\DirectX12">
      <UniqueIdentifier>{23edc273-1693-4b3f-afd5-26591c3618b1}</UniqueIdentifier>
    </Filter>
    <Filter Include="Time">
      <UniqueIdentifier>{d07c891d-dd49-4cfb-8d1f-411b099ac33d}</UniqueIdentifier>
    </Filter>
    <Filter Include="Math">
      <UniqueIdentifier>{f63b5deb-9436-4aee-bda9-cfa5bde152a6}</UniqueIdentifier>
    </Filter>
    <Filter Include="Primitives">
      <UniqueIdentifier>{48fb190c-ae7f-4f51-9a98-6748e576ee57}</UniqueIdentifier>
    </Filter>
    <Filter Include="Shaders">
      <UniqueIdentifier>{27f7bb1b-9723-4566-b484-d4223ab113df}</UniqueIdentifier>
    </Filter>
    <Filter Include="Shaders\PixelShaders">
      <UniqueIdentifier>{add9b6a9-520c-4a09-b2e8-ab11f624dea0}</UniqueIdentifier>
    </Filter>
    <Filter Include="Shaders\VertexShaders">
      <UniqueIdentifier>{ab785b37-1f9e-47d8-ad15-857b3bd1ae1b}</UniqueIdentifier>
    </Filter>
    <Filter Include="Assets">
      <UniqueIdentifier>aa9ad323-7a60-4cf8-aafb-823b9e0b5775</UniqueIdentifier>
      <Extensions>bmp;fbx;gif;jpg;jpeg;tga;tiff;tif;png</Extensions>
    </Filter>
  </ItemGroup>
  <ItemGroup>
    <ClCompile Include="App.cpp" />
    <ClCompile Include="pch.cpp" />
    <ClCompile Include="Source\Renderer.cpp">
      <Filter>Renderer</Filter>
    </ClCompile>
    <ClCompile Include="Source\DeviceUtils.cpp">
      <Filter>Renderer\GraphicApi\DirectX12</Filter>
    </ClCompile>
    <ClCompile Include="Cube.cpp" />
  </ItemGroup>
  <ItemGroup>
    <ClInclude Include="App.h" />
    <ClInclude Include="pch.h" />
    <ClInclude Include="Source\Renderer.h">
      <Filter>Renderer</Filter>
    </ClInclude>
    <ClInclude Include="Source\d3dx12.h">
      <Filter>Renderer\GraphicApi\DirectX12</Filter>
    </ClInclude>
    <ClInclude Include="Source\DeviceUtils.h">
      <Filter>Renderer\GraphicApi\DirectX12</Filter>
    </ClInclude>
    <ClInclude Include="Source\DirectXHelper.h">
      <Filter>Renderer\GraphicApi\DirectX12</Filter>
    </ClInclude>
    <ClInclude Include="Source\StepTimer.h">
      <Filter>Time</Filter>
    </ClInclude>
    <ClInclude Include="Source\Vector.h">
      <Filter>Math</Filter>
    </ClInclude>
    <ClInclude Include="Source\VertexFormats.h">
      <Filter>Renderer\Geometry</Filter>
    </ClInclude>
    <ClInclude Include="Cube.h" />
  </ItemGroup>
  <ItemGroup>
    <AppxManifest Include="Package.appxmanifest" />
  </ItemGroup>
  <ItemGroup>
    <None Include="packages.config" />
    <None Include="Assets\crate\crate.dds">
      <Filter>Assets\crate</Filter>
    </None>
    <None Include="Assets\crate\fragile.dds">
      <Filter>Assets\crate</Filter>
    </None>
  </ItemGroup>
  <ItemGroup>
    <FxCompile Include="Shaders\VertexShaders\Color.hlsl">
      <Filter>Shaders\VertexShaders</Filter>
    </FxCompile>
    <FxCompile Include="Shaders\PixelShaders\Color.hlsl">
      <Filter>Shaders\PixelShaders</Filter>
    </FxCompile>
    <FxCompile Include="Shaders\PixelShaders\TexCoord.hlsl">
      <Filter>Shaders\PixelShaders</Filter>
    </FxCompile>
    <FxCompile Include="Shaders\VertexShaders\TexCoord.hlsl">
      <Filter>Shaders\VertexShaders</Filter>
    </FxCompile>
  </ItemGroup>
  <ItemGroup>
    <Filter Include="Assets\crate">
      <UniqueIdentifier>{eff8ec2a-5b37-438f-84be-58f9ac051f0d}</UniqueIdentifier>
    </Filter>
  </ItemGroup>
</Project>